
Microsoft Visual Studio Solution File, Format Version 11.00
# Visual Studio 2010
# SharpDevelop 4.4
Project("{FAE04EC0-301F-11D3-BF4B-00C04F79EFBC}") = "Menu", "Menu\Menu.csproj", "{7179974F-B978-442E-97B9-55C43AF2E9F9}"
EndProject
Global
	GlobalSection(SolutionConfigurationPlatforms) = preSolution
		Debug|Any CPU = Debug|Any CPU
		Release|Any CPU = Release|Any CPU
	EndGlobalSection
	GlobalSection(ProjectConfigurationPlatforms) = postSolution
		{7179974F-B978-442E-97B9-55C43AF2E9F9}.Debug|Any CPU.Build.0 = Debug|Any CPU
		{7179974F-B978-442E-97B9-55C43AF2E9F9}.Debug|Any CPU.ActiveCfg = Debug|Any CPU
		{7179974F-B978-442E-97B9-55C43AF2E9F9}.Release|Any CPU.Build.0 = Release|Any CPU
		{7179974F-B978-442E-97B9-55C43AF2E9F9}.Release|Any CPU.ActiveCfg = Release|Any CPU
	EndGlobalSection
EndGlobal
